
Microsoft Visual Studio Solution File, Format Version 11.00
# Visual C++ Express 2010
Project("{8BC9CEB8-8B4A-11D0-8D11-00A0C91BC942}") = "ZPlugins", "ZPlugins\ZPlugins.vcxproj", "{2EAD536A-EF77-4852-B11A-FB790210852B}"
EndProject
Global
	GlobalSection(SolutionConfigurationPlatforms) = preSolution
		Debug|Win32 = Debug|Win32
		Release|Win32 = Release|Win32
	EndGlobalSection
	GlobalSection(ProjectConfigurationPlatforms) = postSolution
		{2EAD536A-EF77-4852-B11A-FB790210852B}.Debug|Win32.ActiveCfg = Debug|Win32
		{2EAD536A-EF77-4852-B11A-FB790210852B}.Debug|Win32.Build.0 = Debug|Win32
		{2EAD536A-EF77-4852-B11A-FB790210852B}.Release|Win32.ActiveCfg = Release|Win32
		{2EAD536A-EF77-4852-B11A-FB790210852B}.Release|Win32.Build.0 = Release|Win32
	EndGlobalSection
	GlobalSection(SolutionProperties) = preSolution
		HideSolutionNode = FALSE
	EndGlobalSection
EndGlobal
